{
  "name": "@istjustaname/polymer-chaturbate-controller",
  "version": "1.0.0",
  "lockfileVersion": 1,
  "requires": true,
  "dependencies": {
    "@istjustaname/polymer-socket-io": {
      "version": "github:Istjustaname/polymer-socket-io#127bfcbedb2d795c53e67a31c77563039cf16966",
      "from": "github:Istjustaname/polymer-socket-io",
      "requires": {
        "@polymer/polymer": "^3.0.5"
      }
    },
    "@polymer/polymer": {
      "version": "3.0.5",
      "resolved": "https://registry.npmjs.org/@polymer/polymer/-/polymer-3.0.5.tgz",
      "integrity": "sha512-Zbmhtr5vZ3NoHWwFYLKI4ff7yfE6DZopI8vaS7HvmUIuNqsv/EpEDXfNEYjqePQmkMX5LU9OIKV1eX/+9aveow==",
      "requires": {
        "@webcomponents/shadycss": "^1.2.0"
      }
    },
    "@webcomponents/shadycss": {
      "version": "1.5.2",
      "resolved": "https://registry.npmjs.org/@webcomponents/shadycss/-/shadycss-1.5.2.tgz",
      "integrity": "sha512-0OyrmVc7S+INtzoqP2ofAo+OdVn2Nj0Qvq4wD9FEGN7nMmLRxaD2mzy6hD6EslzxUSuGH302CDU4KXiY66SEqg=="
    }
  }
}
